
Microsoft Visual Studio Solution File, Format Version 12.00
# Visual Studio Version 17
VisualStudioVersion = 17.5.002.0
MinimumVisualStudioVersion = 10.0.40219.1
Project("{9A19103F-16F7-4668-BE54-9A1E7A4F7556}") = "EquipmentRequestApp", "EquipmentRequestApp\EquipmentRequestApp.csproj", "{DCEE3D91-0105-4DD2-9B68-817E3A3C29B6}"
EndProject
Global
	GlobalSection(SolutionConfigurationPlatforms) = preSolution
		Debug|Any CPU = Debug|Any CPU
		Release|Any CPU = Release|Any CPU
	EndGlobalSection
	GlobalSection(ProjectConfigurationPlatforms) = postSolution
		{DCEE3D91-0105-4DD2-9B68-817E3A3C29B6}.Debug|Any CPU.ActiveCfg = Debug|Any CPU
		{DCEE3D91-0105-4DD2-9B68-817E3A3C29B6}.Debug|Any CPU.Build.0 = Debug|Any CPU
		{DCEE3D91-0105-4DD2-9B68-817E3A3C29B6}.Release|Any CPU.ActiveCfg = Release|Any CPU
		{DCEE3D91-0105-4DD2-9B68-817E3A3C29B6}.Release|Any CPU.Build.0 = Release|Any CPU
	EndGlobalSection
	GlobalSection(SolutionProperties) = preSolution
		HideSolutionNode = FALSE
	EndGlobalSection
	GlobalSection(ExtensibilityGlobals) = postSolution
		SolutionGuid = {50455F5F-8F20-49B8-9430-1E0896A02B5E}
	EndGlobalSection
EndGlobal
